Microsoft Visual Studio Solution File, Format Version 8.00
Project("{8BC9CEB8-8B4A-11D0-8D11-00A0C91BC942}") = "CP", "CP.vcproj", "{D6310E71-81FB-4C75-8377-F8451BF63F6E}"
	ProjectSection(ProjectDependencies) = postProject
	EndProjectSection
EndProject
Project("{8BC9CEB8-8B4A-11D0-8D11-00A0C91BC942}") = "test", "test\test.vcproj", "{53DAED1B-0EDE-461C-AEC0-CE0D306E3AB8}"
	ProjectSection(ProjectDependencies) = postProject
		{D6310E71-81FB-4C75-8377-F8451BF63F6E} = {D6310E71-81FB-4C75-8377-F8451BF63F6E}
	EndProjectSection
EndProject
Global
	GlobalSection(SolutionConfiguration) = preSolution
		Debug = Debug
		Release = Release
	EndGlobalSection
	GlobalSection(ProjectConfiguration) = postSolution
		{D6310E71-81FB-4C75-8377-F8451BF63F6E}.Debug.ActiveCfg = Debug|Win32
		{D6310E71-81FB-4C75-8377-F8451BF63F6E}.Debug.Build.0 = Debug|Win32
		{D6310E71-81FB-4C75-8377-F8451BF63F6E}.Release.ActiveCfg = Release|Win32
		{D6310E71-81FB-4C75-8377-F8451BF63F6E}.Release.Build.0 = Release|Win32
		{53DAED1B-0EDE-461C-AEC0-CE0D306E3AB8}.Debug.ActiveCfg = Debug|Win32
		{53DAED1B-0EDE-461C-AEC0-CE0D306E3AB8}.Debug.Build.0 = Debug|Win32
		{53DAED1B-0EDE-461C-AEC0-CE0D306E3AB8}.Release.ActiveCfg = Release|Win32
		{53DAED1B-0EDE-461C-AEC0-CE0D306E3AB8}.Release.Build.0 = Release|Win32
	EndGlobalSection
	GlobalSection(ExtensibilityGlobals) = postSolution
	EndGlobalSection
	GlobalSection(ExtensibilityAddIns) = postSolution
	EndGlobalSection
EndGlobal
